# Generated by pub
# See https://www.dartlang.org/tools/pub/glossary#lockfile
packages:
  angel_serialize:
    dependency: transitive
    description:
      name: angel_serialize
      url: "https://pub.dartlang.org"
    source: hosted
    version: "2.0.3"
  args:
    dependency: "direct main"
    description:
      name: args
      url: "https://pub.dartlang.org"
    source: hosted
    version: "1.4.3"
  async:
    dependency: transitive
    description:
      name: async
      url: "https://pub.dartlang.org"
    source: hosted
    version: "2.0.7"
  charcode:
    dependency: transitive
    description:
      name: charcode
      url: "https://pub.dartlang.org"
    source: hosted
    version: "1.1.1"
  collection:
    dependency: transitive
    description:
      name: collection
      url: "https://pub.dartlang.org"
    source: hosted
    version: "1.14.10"
  file:
    dependency: "direct main"
    description:
      name: file
      url: "https://pub.dartlang.org"
    source: hosted
    version: "2.3.7"
  intl:
    dependency: transitive
    description:
      name: intl
      url: "https://pub.dartlang.org"
    source: hosted
    version: "0.15.6"
  io:
    dependency: "direct main"
    description:
      name: io
      url: "https://pub.dartlang.org"
    source: hosted
    version: "0.3.2+1"
  meta:
    dependency: transitive
    description:
      name: meta
      url: "https://pub.dartlang.org"
    source: hosted
    version: "1.1.5"
  path:
    dependency: "direct main"
    description:
      name: path
      url: "https://pub.dartlang.org"
    source: hosted
    version: "1.6.1"
  shrub:
    dependency: "direct main"
    description:
      path: "../shrub"
      relative: true
    source: path
    version: "0.0.0"
  source_span:
    dependency: transitive
    description:
      name: source_span
      url: "https://pub.dartlang.org"
    source: hosted
    version: "1.4.0"
  string_scanner:
    dependency: transitive
    description:
      name: string_scanner
      url: "https://pub.dartlang.org"
    source: hosted
    version: "1.0.2"
  symbol_table:
    dependency: transitive
    description:
      name: symbol_table
      url: "https://pub.dartlang.org"
    source: hosted
    version: "1.0.4"
  watcher:
    dependency: "direct main"
    description:
      name: watcher
      url: "https://pub.dartlang.org"
    source: hosted
    version: "0.9.7+9"
sdks:
  dart: ">=2.0.0-dev.62.0 <=2.0.0-dev.65.0"
